
Microsoft Visual Studio Solution File, Format Version 12.00
# Visual Studio 2012
Project("{FAE04EC0-301F-11D3-BF4B-00C04F79EFBC}") = "DeepDive", "DeepDive.csproj", "{142284BE-9789-4CD3-979D-405138534F4E}"
EndProject
Global
	GlobalSection(SolutionConfigurationPlatforms) = preSolution
		Debug|iPhoneSimulator = Debug|iPhoneSimulator
		Release|iPhoneSimulator = Release|iPhoneSimulator
		Debug|iPhone = Debug|iPhone
		Release|iPhone = Release|iPhone
		Ad-Hoc|iPhone = Ad-Hoc|iPhone
		AppStore|iPhone = AppStore|iPhone
	EndGlobalSection
	GlobalSection(ProjectConfigurationPlatforms) = postSolution
		{142284BE-9789-4CD3-979D-405138534F4E}.Ad-Hoc|iPhone.ActiveCfg = Ad-Hoc|iPhone
		{142284BE-9789-4CD3-979D-405138534F4E}.Ad-Hoc|iPhone.Build.0 = Ad-Hoc|iPhone
		{142284BE-9789-4CD3-979D-405138534F4E}.AppStore|iPhone.ActiveCfg = AppStore|iPhone
		{142284BE-9789-4CD3-979D-405138534F4E}.AppStore|iPhone.Build.0 = AppStore|iPhone
		{142284BE-9789-4CD3-979D-405138534F4E}.Debug|iPhone.ActiveCfg = Debug|iPhone
		{142284BE-9789-4CD3-979D-405138534F4E}.Debug|iPhone.Build.0 = Debug|iPhone
		{142284BE-9789-4CD3-979D-405138534F4E}.Debug|iPhoneSimulator.ActiveCfg = Debug|iPhoneSimulator
		{142284BE-9789-4CD3-979D-405138534F4E}.Debug|iPhoneSimulator.Build.0 = Debug|iPhoneSimulator
		{142284BE-9789-4CD3-979D-405138534F4E}.Release|iPhone.ActiveCfg = Release|iPhone
		{142284BE-9789-4CD3-979D-405138534F4E}.Release|iPhone.Build.0 = Release|iPhone
		{142284BE-9789-4CD3-979D-405138534F4E}.Release|iPhoneSimulator.ActiveCfg = Release|iPhoneSimulator
		{142284BE-9789-4CD3-979D-405138534F4E}.Release|iPhoneSimulator.Build.0 = Release|iPhoneSimulator
	EndGlobalSection
	GlobalSection(MonoDevelopProperties) = preSolution
		StartupItem = DeepDive.csproj
	EndGlobalSection
EndGlobal
